# This file is autogenerated, do not edit; changes may be undone by the next 'dep ensure'.


[[projects]]
  digest = "1:2ed2eff2cba1a1d57b8e7185db2111c30e6b7a3620b7fba0ef512f9380eabf9e"
  name = "github.com/corywalker/expreduce"
  packages = [
    "expreduce",
    "expreduce/atoms",
    "expreduce/graphics",
    "expreduce/iterspec",
    "expreduce/logging",
    "expreduce/matcher",
    "expreduce/parser",
    "expreduce/parser/parens",
    "expreduce/rubi_snapshot",
    "expreduce/streammanager",
    "expreduce/timecounter",
    "pkg/expreduceapi",
  ]
  pruneopts = "UT"
  revision = "87b27eca579b3510a7eae3274ef17492e5906a57"
  version = "0.5"

[[projects]]
  branch = "master"
  digest = "1:9934d268b5fbf4fb6993c61462472c612d6348c3c10d84bbe7062047401eb532"
  name = "github.com/corywalker/mathbigext"
  packages = ["."]
  pruneopts = "UT"
  revision = "6dc8c7f3bee37b086d45e6d003710c04176f36c3"

[[projects]]
  digest = "1:ffe9824d294da03b391f44e1ae8281281b4afc1bdaa9588c9097785e3af10cec"
  name = "github.com/davecgh/go-spew"
  packages = ["spew"]
  pruneopts = "UT"
  revision = "8991bc29aa16c548c550c7ff78260e27b9ab7c73"
  version = "v1.1.1"

[[projects]]
  branch = "master"
  digest = "1:62c57507df491b657e9ae2645f30958d9964c8eeb380600469eedc951ebb3a0e"
  name = "github.com/golang/freetype"
  packages = [
    "raster",
    "truetype",
  ]
  pruneopts = "UT"
  revision = "e2365dfdc4a05e4b8299a783240d4a7d5a65d4e4"

[[projects]]
  branch = "master"
  digest = "1:1ba1d79f2810270045c328ae5d674321db34e3aae468eb4233883b473c5c0467"
  name = "github.com/golang/glog"
  packages = ["."]
  pruneopts = "UT"
  revision = "23def4e6c14b4da8ac2ed8007337bc5eb5007998"

[[projects]]
  digest = "1:302e0f00df1602188265026c4444cb923ac558b2c2276ae3329a0da49ac61911"
  name = "github.com/kavehmz/prime"
  packages = ["."]
  pruneopts = "UT"
  revision = "7fa77fc42a8a420b63f06a6e4bf6f59e7986f77e"
  version = "v2.1"

[[projects]]
  digest = "1:5b3b29ce0e569f62935d9541dff2e16cc09df981ebde48e82259076a73a3d0c7"
  name = "github.com/op/go-logging"
  packages = ["."]
  pruneopts = "UT"
  revision = "b2cb9fa56473e98db8caba80237377e83fe44db5"
  version = "v1"

[[projects]]
  branch = "master"
  digest = "1:8368165a1d56fb9c296eb90ed90c51cc0ce563d73c911d3a4c7cb2faa5fc544e"
  name = "github.com/orcaman/concurrent-map"
  packages = ["."]
  pruneopts = "UT"
  revision = "2693aad1ed7517c2bb5b3a42cb8fde88b941d89d"

[[projects]]
  digest = "1:0028cb19b2e4c3112225cd871870f2d9cf49b9b4276531f03438a88e94be86fe"
  name = "github.com/pmezard/go-difflib"
  packages = ["difflib"]
  pruneopts = "UT"
  revision = "792786c7400a136282c1664665ae0a8db921c6c2"
  version = "v1.0.0"

[[projects]]
  digest = "1:972c2427413d41a1e06ca4897e8528e5a1622894050e2f527b38ddf0f343f759"
  name = "github.com/stretchr/testify"
  packages = ["assert"]
  pruneopts = "UT"
  revision = "ffdc059bfe9ce6a4e144ba849dbedead332c6053"
  version = "v1.3.0"

[[projects]]
  digest = "1:cf762a0ce01d48d8ac03f717aa41f66b655abea67c616d89994ce091a2cc6831"
  name = "github.com/wcharczuk/go-chart"
  packages = [
    ".",
    "drawing",
    "matrix",
    "roboto",
    "seq",
    "util",
  ]
  pruneopts = "UT"
  revision = "7c3982fe3d8ab0c9eea9ab5d2aced51e45d447bc"
  version = "v2.0.1"

[[projects]]
  branch = "master"
  digest = "1:8aa52c7f7476f9ce660f5db479eb0e19681b58783442f33459954757fc6732fe"
  name = "golang.org/x/image"
  packages = [
    "draw",
    "font",
    "math/f64",
    "math/fixed",
  ]
  pruneopts = "UT"
  revision = "f03afa92d3ffad9e5ff762aa549908afe674f01e"

[[projects]]
  digest = "1:b8b3d90ef11b7fa5d58a51b55f571ed6bc1f0c27332e666f9d93a794d5db7f49"
  name = "modernc.org/golex"
  packages = ["lex"]
  pruneopts = "UT"
  revision = "bc767dde60ca2c733d60c36421e559c302d87cef"
  version = "v1.0.0"

[[projects]]
  digest = "1:a1f5cc80253c6973bd2e469245ed2ec543b9899ee46fc924ac031be3d088b11c"
  name = "modernc.org/strutil"
  packages = ["."]
  pruneopts = "UT"
  revision = "5caa9dea4513d6534e4cb63c091c6088e25f4b64"
  version = "v1.0.0"

[[projects]]
  digest = "1:398952a2adcda60e6b80c9cadcb4a84dc70c278b1981e5d71ad98769d0281e95"
  name = "modernc.org/wl"
  packages = ["."]
  pruneopts = "UT"
  revision = "1689a7afd72fc7b6d45cbb9d6b36d151f08cb8a7"
  version = "v1.0.0"

[solve-meta]
  analyzer-name = "dep"
  analyzer-version = 1
  input-imports = [
    "github.com/corywalker/expreduce/expreduce",
    "github.com/corywalker/expreduce/expreduce/parser",
    "github.com/golang/glog",
  ]
  solver-name = "gps-cdcl"
  solver-version = 1
